
Microsoft Visual Studio Solution File, Format Version 12.00
# Visual Studio Version 17
VisualStudioVersion = 17.7.34031.279
MinimumVisualStudioVersion = 10.0.40219.1
Project("{FAE04EC0-301F-11D3-BF4B-00C04F79EFBC}") = "ConsoleApp19", "ConsoleApp19\ConsoleApp19.csproj", "{47827BA6-3092-4F8C-8A92-C665799336CD}"
EndProject
Global
	GlobalSection(SolutionConfigurationPlatforms) = preSolution
		Debug|Any CPU = Debug|Any CPU
		Release|Any CPU = Release|Any CPU
	EndGlobalSection
	GlobalSection(ProjectConfigurationPlatforms) = postSolution
		{47827BA6-3092-4F8C-8A92-C665799336CD}.Debug|Any CPU.ActiveCfg = Debug|Any CPU
		{47827BA6-3092-4F8C-8A92-C665799336CD}.Debug|Any CPU.Build.0 = Debug|Any CPU
		{47827BA6-3092-4F8C-8A92-C665799336CD}.Release|Any CPU.ActiveCfg = Release|Any CPU
		{47827BA6-3092-4F8C-8A92-C665799336CD}.Release|Any CPU.Build.0 = Release|Any CPU
	EndGlobalSection
	GlobalSection(SolutionProperties) = preSolution
		HideSolutionNode = FALSE
	EndGlobalSection
	GlobalSection(ExtensibilityGlobals) = postSolution
		SolutionGuid = {08B99565-0429-40A0-BCC1-62A739929162}
	EndGlobalSection
EndGlobal
